{
  "version": 4,
  "terraform_version": "1.12.1",
  "serial": 45,
  "lineage": "c4811f9f-f1d7-408b-76dc-e09e5cb4d2bb",
  "outputs": {
    "public_ip_address": {
      "value": "20.190.78.63",
      "type": "string"
    }
  },
  "resources": [
    {
      "mode": "managed",
      "type": "azurerm_linux_virtual_machine",
      "name": "exampleTerraform",
      "provider": "provider[\"registry.terraform.io/hashicorp/azurerm\"]",
      "instances": [
        {
          "schema_version": 0,
          "attributes": {
            "additional_capabilities": [],
            "admin_password": null,
            "admin_ssh_key": [
              {
                "public_key": "ssh-rsa AAAAB3NzaC1yc2EAAAADAQABAAABAQCvFnNYemVS4/xaC4AmzsgZQuAj6cqTSleKVtXMJhXogVxFNcBabNYZVo7DAyRXYLwtlREXjRtXTe9T7LQw3yhn21LDHFN0OhNCMt1X4jgME2UOWkVM0VHkNLig+9ltpJgrjZ3odInv+gXZ6FRKTPskc0mLfpaVW5uJXBy0wlBM2/8pfEv31hmfhxP7kKXji+aSfn4vG3+hLI7rjGwQo6720BGnu67chEpt/pqe/vAcrp7TzW6hAWBuixdsw2cWo3xvZvMM/+45dlpDSefQMgCn2V2MmSukXZCMgMoB1+XbpylPijfVAHkL8sVMzrPkNkddqxT71BIRO+kYeSwB6kMR",
                "username": "azureuser"
              }
            ],
            "admin_username": "azureuser",
            "allow_extension_operations": true,
            "availability_set_id": "",
            "boot_diagnostics": [],
            "computer_name": "exampleTerraform-vm",
            "custom_data": null,
            "dedicated_host_group_id": "",
            "dedicated_host_id": "",
            "disable_password_authentication": true,
            "edge_zone": "",
            "encryption_at_host_enabled": false,
            "eviction_policy": "",
            "extensions_time_budget": "PT1H30M",
            "id": "/subscriptions/4e033516-49f7-4262-ba11-32da090be6ba/resourceGroups/example-resources-ssh/providers/Microsoft.Compute/virtualMachines/exampleTerraform-vm",
            "identity": [],
            "license_type": "",
            "location": "southeastasia",
            "max_bid_price": -1,
            "name": "exampleTerraform-vm",
            "network_interface_ids": [
              "/subscriptions/4e033516-49f7-4262-ba11-32da090be6ba/resourceGroups/example-resources-ssh/providers/Microsoft.Network/networkInterfaces/exampleTerraform-nic"
            ],
            "os_disk": [
              {
                "caching": "ReadWrite",
                "diff_disk_settings": [],
                "disk_encryption_set_id": "",
                "disk_size_gb": 30,
                "name": "exampleTerraform-vm_disk1_6e47b21c56874a7d9e681abfbd230461",
                "storage_account_type": "Standard_LRS",
                "write_accelerator_enabled": false
              }
            ],
            "patch_mode": "ImageDefault",
            "plan": [],
            "platform_fault_domain": -1,
            "priority": "Regular",
            "private_ip_address": "10.0.2.4",
            "private_ip_addresses": [
              "10.0.2.4"
            ],
            "provision_vm_agent": true,
            "proximity_placement_group_id": "",
            "public_ip_address": "20.190.78.63",
            "public_ip_addresses": [
              "20.190.78.63"
            ],
            "resource_group_name": "example-resources-ssh",
            "secret": [],
            "secure_boot_enabled": false,
            "size": "Standard_B2s",
            "source_image_id": "",
            "source_image_reference": [
              {
                "offer": "0001-com-ubuntu-server-jammy",
                "publisher": "Canonical",
                "sku": "22_04-lts-gen2",
                "version": "latest"
              }
            ],
            "tags": null,
            "termination_notification": null,
            "timeouts": null,
            "user_data": "",
            "virtual_machine_id": "72f935aa-fd5a-4a5c-956d-530867dce0f5",
            "virtual_machine_scale_set_id": "",
            "vtpm_enabled": false,
            "zone": ""
          },
          "sensitive_attributes": [
            [
              {
                "type": "get_attr",
                "value": "admin_password"
              }
            ],
            [
              {
                "type": "get_attr",
                "value": "custom_data"
              }
            ]
          ],
          "identity_schema_version": 0,
          "private": "eyJlMmJmYjczMC1lY2FhLTExZTYtOGY4OC0zNDM2M2JjN2M0YzAiOnsiY3JlYXRlIjoyNzAwMDAwMDAwMDAwLCJkZWxldGUiOjI3MDAwMDAwMDAwMDAsInJlYWQiOjMwMDAwMDAwMDAwMCwidXBkYXRlIjoyNzAwMDAwMDAwMDAwfX0=",
          "dependencies": [
            "azurerm_network_interface.exampleTerraform",
            "azurerm_public_ip.exampleTerraform",
            "azurerm_resource_group.exampleTerraform",
            "azurerm_subnet.exampleTerraform",
            "azurerm_virtual_network.exampleTerraform"
          ]
        }
      ]
    },
    {
      "mode": "managed",
      "type": "azurerm_network_interface",
      "name": "exampleTerraform",
      "provider": "provider[\"registry.terraform.io/hashicorp/azurerm\"]",
      "instances": [
        {
          "schema_version": 0,
          "attributes": {
            "applied_dns_servers": [],
            "dns_servers": [],
            "edge_zone": "",
            "enable_accelerated_networking": false,
            "enable_ip_forwarding": false,
            "id": "/subscriptions/4e033516-49f7-4262-ba11-32da090be6ba/resourceGroups/example-resources-ssh/providers/Microsoft.Network/networkInterfaces/exampleTerraform-nic",
            "internal_dns_name_label": "",
            "internal_domain_name_suffix": "tjybdffmzqxerhwym3kvqf30rb.ix.internal.cloudapp.net",
            "ip_configuration": [
              {
                "gateway_load_balancer_frontend_ip_configuration_id": "",
                "name": "internal",
                "primary": true,
                "private_ip_address": "10.0.2.4",
                "private_ip_address_allocation": "Dynamic",
                "private_ip_address_version": "IPv4",
                "public_ip_address_id": "/subscriptions/4e033516-49f7-4262-ba11-32da090be6ba/resourceGroups/example-resources-ssh/providers/Microsoft.Network/publicIPAddresses/exampleTerraform-public-ip",
                "subnet_id": "/subscriptions/4e033516-49f7-4262-ba11-32da090be6ba/resourceGroups/example-resources-ssh/providers/Microsoft.Network/virtualNetworks/exampleTerraform-network/subnets/internal"
              }
            ],
            "location": "southeastasia",
            "mac_address": "",
            "name": "exampleTerraform-nic",
            "private_ip_address": "10.0.2.4",
            "private_ip_addresses": [
              "10.0.2.4"
            ],
            "resource_group_name": "example-resources-ssh",
            "tags": null,
            "timeouts": null,
            "virtual_machine_id": ""
          },
          "sensitive_attributes": [],
          "identity_schema_version": 0,
          "private": "eyJlMmJmYjczMC1lY2FhLTExZTYtOGY4OC0zNDM2M2JjN2M0YzAiOnsiY3JlYXRlIjoxODAwMDAwMDAwMDAwLCJkZWxldGUiOjE4MDAwMDAwMDAwMDAsInJlYWQiOjMwMDAwMDAwMDAwMCwidXBkYXRlIjoxODAwMDAwMDAwMDAwfX0=",
          "dependencies": [
            "azurerm_public_ip.exampleTerraform",
            "azurerm_resource_group.exampleTerraform",
            "azurerm_subnet.exampleTerraform",
            "azurerm_virtual_network.exampleTerraform"
          ]
        }
      ]
    },
    {
      "mode": "managed",
      "type": "azurerm_network_interface_security_group_association",
      "name": "exampleTerraform",
      "provider": "provider[\"registry.terraform.io/hashicorp/azurerm\"]",
      "instances": [
        {
          "schema_version": 0,
          "attributes": {
            "id": "/subscriptions/4e033516-49f7-4262-ba11-32da090be6ba/resourceGroups/example-resources-ssh/providers/Microsoft.Network/networkInterfaces/exampleTerraform-nic|/subscriptions/4e033516-49f7-4262-ba11-32da090be6ba/resourceGroups/example-resources-ssh/providers/Microsoft.Network/networkSecurityGroups/exampleTerraform-nsg",
            "network_interface_id": "/subscriptions/4e033516-49f7-4262-ba11-32da090be6ba/resourceGroups/example-resources-ssh/providers/Microsoft.Network/networkInterfaces/exampleTerraform-nic",
            "network_security_group_id": "/subscriptions/4e033516-49f7-4262-ba11-32da090be6ba/resourceGroups/example-resources-ssh/providers/Microsoft.Network/networkSecurityGroups/exampleTerraform-nsg",
            "timeouts": null
          },
          "sensitive_attributes": [],
          "identity_schema_version": 0,
          "private": "eyJlMmJmYjczMC1lY2FhLTExZTYtOGY4OC0zNDM2M2JjN2M0YzAiOnsiY3JlYXRlIjoxODAwMDAwMDAwMDAwLCJkZWxldGUiOjE4MDAwMDAwMDAwMDAsInJlYWQiOjMwMDAwMDAwMDAwMCwidXBkYXRlIjoxODAwMDAwMDAwMDAwfX0=",
          "dependencies": [
            "azurerm_network_interface.exampleTerraform",
            "azurerm_network_security_group.exampleTerraform",
            "azurerm_public_ip.exampleTerraform",
            "azurerm_resource_group.exampleTerraform",
            "azurerm_subnet.exampleTerraform",
            "azurerm_virtual_network.exampleTerraform"
          ]
        }
      ]
    },
    {
      "mode": "managed",
      "type": "azurerm_network_security_group",
      "name": "exampleTerraform",
      "provider": "provider[\"registry.terraform.io/hashicorp/azurerm\"]",
      "instances": [
        {
          "schema_version": 0,
          "attributes": {
            "id": "/subscriptions/4e033516-49f7-4262-ba11-32da090be6ba/resourceGroups/example-resources-ssh/providers/Microsoft.Network/networkSecurityGroups/exampleTerraform-nsg",
            "location": "southeastasia",
            "name": "exampleTerraform-nsg",
            "resource_group_name": "example-resources-ssh",
            "security_rule": [
              {
                "access": "Allow",
                "description": "",
                "destination_address_prefix": "*",
                "destination_address_prefixes": [],
                "destination_application_security_group_ids": [],
                "destination_port_range": "22",
                "destination_port_ranges": [],
                "direction": "Inbound",
                "name": "SSH",
                "priority": 1001,
                "protocol": "Tcp",
                "source_address_prefix": "*",
                "source_address_prefixes": [],
                "source_application_security_group_ids": [],
                "source_port_range": "*",
                "source_port_ranges": []
              },
              {
                "access": "Allow",
                "description": "",
                "destination_address_prefix": "*",
                "destination_address_prefixes": [],
                "destination_application_security_group_ids": [],
                "destination_port_range": "3000",
                "destination_port_ranges": [],
                "direction": "Inbound",
                "name": "Allow3000",
                "priority": 1002,
                "protocol": "Tcp",
                "source_address_prefix": "*",
                "source_address_prefixes": [],
                "source_application_security_group_ids": [],
                "source_port_range": "*",
                "source_port_ranges": []
              },
              {
                "access": "Allow",
                "description": "",
                "destination_address_prefix": "*",
                "destination_address_prefixes": [],
                "destination_application_security_group_ids": [],
                "destination_port_range": "5601",
                "destination_port_ranges": [],
                "direction": "Inbound",
                "name": "Kibana",
                "priority": 1003,
                "protocol": "Tcp",
                "source_address_prefix": "*",
                "source_address_prefixes": [],
                "source_application_security_group_ids": [],
                "source_port_range": "*",
                "source_port_ranges": []
              }
            ],
            "tags": null,
            "timeouts": null
          },
          "sensitive_attributes": [],
          "identity_schema_version": 0,
          "private": "eyJlMmJmYjczMC1lY2FhLTExZTYtOGY4OC0zNDM2M2JjN2M0YzAiOnsiY3JlYXRlIjoxODAwMDAwMDAwMDAwLCJkZWxldGUiOjE4MDAwMDAwMDAwMDAsInJlYWQiOjMwMDAwMDAwMDAwMCwidXBkYXRlIjoxODAwMDAwMDAwMDAwfX0=",
          "dependencies": [
            "azurerm_resource_group.exampleTerraform"
          ]
        }
      ]
    },
    {
      "mode": "managed",
      "type": "azurerm_public_ip",
      "name": "exampleTerraform",
      "provider": "provider[\"registry.terraform.io/hashicorp/azurerm\"]",
      "instances": [
        {
          "schema_version": 0,
          "attributes": {
            "allocation_method": "Static",
            "domain_name_label": null,
            "edge_zone": "",
            "fqdn": null,
            "id": "/subscriptions/4e033516-49f7-4262-ba11-32da090be6ba/resourceGroups/example-resources-ssh/providers/Microsoft.Network/publicIPAddresses/exampleTerraform-public-ip",
            "idle_timeout_in_minutes": 4,
            "ip_address": "20.190.78.63",
            "ip_tags": null,
            "ip_version": "IPv4",
            "location": "southeastasia",
            "name": "exampleTerraform-public-ip",
            "public_ip_prefix_id": null,
            "resource_group_name": "example-resources-ssh",
            "reverse_fqdn": null,
            "sku": "Basic",
            "sku_tier": "Regional",
            "tags": null,
            "timeouts": null,
            "zones": null
          },
          "sensitive_attributes": [],
          "identity_schema_version": 0,
          "private": "eyJlMmJmYjczMC1lY2FhLTExZTYtOGY4OC0zNDM2M2JjN2M0YzAiOnsiY3JlYXRlIjoxODAwMDAwMDAwMDAwLCJkZWxldGUiOjE4MDAwMDAwMDAwMDAsInJlYWQiOjMwMDAwMDAwMDAwMCwidXBkYXRlIjoxODAwMDAwMDAwMDAwfX0=",
          "dependencies": [
            "azurerm_resource_group.exampleTerraform"
          ]
        }
      ]
    },
    {
      "mode": "managed",
      "type": "azurerm_resource_group",
      "name": "exampleTerraform",
      "provider": "provider[\"registry.terraform.io/hashicorp/azurerm\"]",
      "instances": [
        {
          "schema_version": 0,
          "attributes": {
            "id": "/subscriptions/4e033516-49f7-4262-ba11-32da090be6ba/resourceGroups/example-resources-ssh",
            "location": "southeastasia",
            "name": "example-resources-ssh",
            "tags": null,
            "timeouts": null
          },
          "sensitive_attributes": [],
          "identity_schema_version": 0,
          "private": "eyJlMmJmYjczMC1lY2FhLTExZTYtOGY4OC0zNDM2M2JjN2M0YzAiOnsiY3JlYXRlIjo1NDAwMDAwMDAwMDAwLCJkZWxldGUiOjU0MDAwMDAwMDAwMDAsInJlYWQiOjMwMDAwMDAwMDAwMCwidXBkYXRlIjo1NDAwMDAwMDAwMDAwfX0="
        }
      ]
    },
    {
      "mode": "managed",
      "type": "azurerm_subnet",
      "name": "exampleTerraform",
      "provider": "provider[\"registry.terraform.io/hashicorp/azurerm\"]",
      "instances": [
        {
          "schema_version": 0,
          "attributes": {
            "address_prefixes": [
              "10.0.2.0/24"
            ],
            "delegation": [],
            "enforce_private_link_endpoint_network_policies": false,
            "enforce_private_link_service_network_policies": false,
            "id": "/subscriptions/4e033516-49f7-4262-ba11-32da090be6ba/resourceGroups/example-resources-ssh/providers/Microsoft.Network/virtualNetworks/exampleTerraform-network/subnets/internal",
            "name": "internal",
            "resource_group_name": "example-resources-ssh",
            "service_endpoint_policy_ids": null,
            "service_endpoints": null,
            "timeouts": null,
            "virtual_network_name": "exampleTerraform-network"
          },
          "sensitive_attributes": [],
          "identity_schema_version": 0,
          "private": "eyJlMmJmYjczMC1lY2FhLTExZTYtOGY4OC0zNDM2M2JjN2M0YzAiOnsiY3JlYXRlIjoxODAwMDAwMDAwMDAwLCJkZWxldGUiOjE4MDAwMDAwMDAwMDAsInJlYWQiOjMwMDAwMDAwMDAwMCwidXBkYXRlIjoxODAwMDAwMDAwMDAwfX0=",
          "dependencies": [
            "azurerm_resource_group.exampleTerraform",
            "azurerm_virtual_network.exampleTerraform"
          ]
        }
      ]
    },
    {
      "mode": "managed",
      "type": "azurerm_virtual_network",
      "name": "exampleTerraform",
      "provider": "provider[\"registry.terraform.io/hashicorp/azurerm\"]",
      "instances": [
        {
          "schema_version": 0,
          "attributes": {
            "address_space": [
              "10.0.0.0/16"
            ],
            "bgp_community": "",
            "ddos_protection_plan": [],
            "dns_servers": [],
            "edge_zone": "",
            "flow_timeout_in_minutes": 0,
            "guid": "9411709a-ccac-482e-9ed8-67555817ba89",
            "id": "/subscriptions/4e033516-49f7-4262-ba11-32da090be6ba/resourceGroups/example-resources-ssh/providers/Microsoft.Network/virtualNetworks/exampleTerraform-network",
            "location": "southeastasia",
            "name": "exampleTerraform-network",
            "resource_group_name": "example-resources-ssh",
            "subnet": [],
            "tags": null,
            "timeouts": null
          },
          "sensitive_attributes": [],
          "identity_schema_version": 0,
          "private": "eyJlMmJmYjczMC1lY2FhLTExZTYtOGY4OC0zNDM2M2JjN2M0YzAiOnsiY3JlYXRlIjoxODAwMDAwMDAwMDAwLCJkZWxldGUiOjE4MDAwMDAwMDAwMDAsInJlYWQiOjMwMDAwMDAwMDAwMCwidXBkYXRlIjoxODAwMDAwMDAwMDAwfX0=",
          "dependencies": [
            "azurerm_resource_group.exampleTerraform"
          ]
        }
      ]
    }
  ],
  "check_results": null
}
